
Microsoft Visual Studio Solution File, Format Version 12.00
# Visual Studio Version 17
VisualStudioVersion = 17.14.36717.8
MinimumVisualStudioVersion = 10.0.40219.1
Project("{FAE04EC0-301F-11D3-BF4B-00C04F79EFBC}") = "C#_learning", "C#_learning\C#_learning.csproj", "{97EBAFEE-C525-46AA-8F52-85A5DA78B6D5}"
EndProject
Project("{FAE04EC0-301F-11D3-BF4B-00C04F79EFBC}") = "00Using", "00Using\00Using.csproj", "{35EC6A56-1C93-4168-98EE-520F636F8B5C}"
EndProject
Project("{2150E333-8FDC-42A3-9474-1A3956D46DE8}") = "STD", "STD", "{C8D5274F-AC00-46C7-1F8D-E88E81087A52}"
EndProject
Project("{FAE04EC0-301F-11D3-BF4B-00C04F79EFBC}") = "01Class", "01Class\01Class.csproj", "{AC1B582F-B09F-40FD-8626-15343EF336DE}"
EndProject
Project("{FAE04EC0-301F-11D3-BF4B-00C04F79EFBC}") = "02NameSpace", "02NameSpace\02NameSpace.csproj", "{AA147409-86D7-4B24-87FB-F9BAA7F942D9}"
EndProject
Project("{FAE04EC0-301F-11D3-BF4B-00C04F79EFBC}") = "03CodeStartAndReading", "03CodeStartAndReading\03CodeStartAndReading.csproj", "{A1A6EDB5-50A8-461F-BEC1-69D75072E3E6}"
EndProject
Project("{FAE04EC0-301F-11D3-BF4B-00C04F79EFBC}") = "04MemberVar", "04MemberVar\04MemberVar.csproj", "{CB7CA7D2-6A9C-42C4-8FA4-35A6C66562F8}"
EndProject
Project("{FAE04EC0-301F-11D3-BF4B-00C04F79EFBC}") = "05MemeberFunc", "05MemeberFunc\05MemeberFunc.csproj", "{0D851534-9403-4D6F-AF10-95159E3F0068}"
EndProject
Project("{FAE04EC0-301F-11D3-BF4B-00C04F79EFBC}") = "06LocalVar", "06LocalVar\06LocalVar.csproj", "{61010302-417B-46D1-88E3-319DB205A693}"
EndProject
Project("{FAE04EC0-301F-11D3-BF4B-00C04F79EFBC}") = "07ClassAccess", "07ClassAccess\07ClassAccess.csproj", "{8F50A5B6-A12C-4297-9605-BCF0FC6DF171}"
EndProject
Project("{FAE04EC0-301F-11D3-BF4B-00C04F79EFBC}") = "08FuncEx", "08FuncEx\08FuncEx.csproj", "{46CF7810-5925-4550-A220-53A2A8843635}"
EndProject
Project("{FAE04EC0-301F-11D3-BF4B-00C04F79EFBC}") = "09Operator", "09Operator\09Operator.csproj", "{67809FD9-257B-4318-A9DB-B8E5349FBDA0}"
EndProject
Project("{FAE04EC0-301F-11D3-BF4B-00C04F79EFBC}") = "10Memory00_Func", "10Memory00_Func\10Memory00_Func.csproj", "{633106FE-333F-4E7F-A709-A6915A36963C}"
EndProject
Global
	GlobalSection(SolutionConfigurationPlatforms) = preSolution
		Debug|Any CPU = Debug|Any CPU
		Release|Any CPU = Release|Any CPU
	EndGlobalSection
	GlobalSection(ProjectConfigurationPlatforms) = postSolution
		{97EBAFEE-C525-46AA-8F52-85A5DA78B6D5}.Debug|Any CPU.ActiveCfg = Debug|Any CPU
		{97EBAFEE-C525-46AA-8F52-85A5DA78B6D5}.Debug|Any CPU.Build.0 = Debug|Any CPU
		{97EBAFEE-C525-46AA-8F52-85A5DA78B6D5}.Release|Any CPU.ActiveCfg = Release|Any CPU
		{97EBAFEE-C525-46AA-8F52-85A5DA78B6D5}.Release|Any CPU.Build.0 = Release|Any CPU
		{35EC6A56-1C93-4168-98EE-520F636F8B5C}.Debug|Any CPU.ActiveCfg = Debug|Any CPU
		{35EC6A56-1C93-4168-98EE-520F636F8B5C}.Debug|Any CPU.Build.0 = Debug|Any CPU
		{35EC6A56-1C93-4168-98EE-520F636F8B5C}.Release|Any CPU.ActiveCfg = Release|Any CPU
		{35EC6A56-1C93-4168-98EE-520F636F8B5C}.Release|Any CPU.Build.0 = Release|Any CPU
		{AC1B582F-B09F-40FD-8626-15343EF336DE}.Debug|Any CPU.ActiveCfg = Debug|Any CPU
		{AC1B582F-B09F-40FD-8626-15343EF336DE}.Debug|Any CPU.Build.0 = Debug|Any CPU
		{AC1B582F-B09F-40FD-8626-15343EF336DE}.Release|Any CPU.ActiveCfg = Release|Any CPU
		{AC1B582F-B09F-40FD-8626-15343EF336DE}.Release|Any CPU.Build.0 = Release|Any CPU
		{AA147409-86D7-4B24-87FB-F9BAA7F942D9}.Debug|Any CPU.ActiveCfg = Debug|Any CPU
		{AA147409-86D7-4B24-87FB-F9BAA7F942D9}.Debug|Any CPU.Build.0 = Debug|Any CPU
		{AA147409-86D7-4B24-87FB-F9BAA7F942D9}.Release|Any CPU.ActiveCfg = Release|Any CPU
		{AA147409-86D7-4B24-87FB-F9BAA7F942D9}.Release|Any CPU.Build.0 = Release|Any CPU
		{A1A6EDB5-50A8-461F-BEC1-69D75072E3E6}.Debug|Any CPU.ActiveCfg = Debug|Any CPU
		{A1A6EDB5-50A8-461F-BEC1-69D75072E3E6}.Debug|Any CPU.Build.0 = Debug|Any CPU
		{A1A6EDB5-50A8-461F-BEC1-69D75072E3E6}.Release|Any CPU.ActiveCfg = Release|Any CPU
		{A1A6EDB5-50A8-461F-BEC1-69D75072E3E6}.Release|Any CPU.Build.0 = Release|Any CPU
		{CB7CA7D2-6A9C-42C4-8FA4-35A6C66562F8}.Debug|Any CPU.ActiveCfg = Debug|Any CPU
		{CB7CA7D2-6A9C-42C4-8FA4-35A6C66562F8}.Debug|Any CPU.Build.0 = Debug|Any CPU
		{CB7CA7D2-6A9C-42C4-8FA4-35A6C66562F8}.Release|Any CPU.ActiveCfg = Release|Any CPU
		{CB7CA7D2-6A9C-42C4-8FA4-35A6C66562F8}.Release|Any CPU.Build.0 = Release|Any CPU
		{0D851534-9403-4D6F-AF10-95159E3F0068}.Debug|Any CPU.ActiveCfg = Debug|Any CPU
		{0D851534-9403-4D6F-AF10-95159E3F0068}.Debug|Any CPU.Build.0 = Debug|Any CPU
		{0D851534-9403-4D6F-AF10-95159E3F0068}.Release|Any CPU.ActiveCfg = Release|Any CPU
		{0D851534-9403-4D6F-AF10-95159E3F0068}.Release|Any CPU.Build.0 = Release|Any CPU
		{61010302-417B-46D1-88E3-319DB205A693}.Debug|Any CPU.ActiveCfg = Debug|Any CPU
		{61010302-417B-46D1-88E3-319DB205A693}.Debug|Any CPU.Build.0 = Debug|Any CPU
		{61010302-417B-46D1-88E3-319DB205A693}.Release|Any CPU.ActiveCfg = Release|Any CPU
		{61010302-417B-46D1-88E3-319DB205A693}.Release|Any CPU.Build.0 = Release|Any CPU
		{8F50A5B6-A12C-4297-9605-BCF0FC6DF171}.Debug|Any CPU.ActiveCfg = Debug|Any CPU
		{8F50A5B6-A12C-4297-9605-BCF0FC6DF171}.Debug|Any CPU.Build.0 = Debug|Any CPU
		{8F50A5B6-A12C-4297-9605-BCF0FC6DF171}.Release|Any CPU.ActiveCfg = Release|Any CPU
		{8F50A5B6-A12C-4297-9605-BCF0FC6DF171}.Release|Any CPU.Build.0 = Release|Any CPU
		{46CF7810-5925-4550-A220-53A2A8843635}.Debug|Any CPU.ActiveCfg = Debug|Any CPU
		{46CF7810-5925-4550-A220-53A2A8843635}.Debug|Any CPU.Build.0 = Debug|Any CPU
		{46CF7810-5925-4550-A220-53A2A8843635}.Release|Any CPU.ActiveCfg = Release|Any CPU
		{46CF7810-5925-4550-A220-53A2A8843635}.Release|Any CPU.Build.0 = Release|Any CPU
		{67809FD9-257B-4318-A9DB-B8E5349FBDA0}.Debug|Any CPU.ActiveCfg = Debug|Any CPU
		{67809FD9-257B-4318-A9DB-B8E5349FBDA0}.Debug|Any CPU.Build.0 = Debug|Any CPU
		{67809FD9-257B-4318-A9DB-B8E5349FBDA0}.Release|Any CPU.ActiveCfg = Release|Any CPU
		{67809FD9-257B-4318-A9DB-B8E5349FBDA0}.Release|Any CPU.Build.0 = Release|Any CPU
		{633106FE-333F-4E7F-A709-A6915A36963C}.Debug|Any CPU.ActiveCfg = Debug|Any CPU
		{633106FE-333F-4E7F-A709-A6915A36963C}.Debug|Any CPU.Build.0 = Debug|Any CPU
		{633106FE-333F-4E7F-A709-A6915A36963C}.Release|Any CPU.ActiveCfg = Release|Any CPU
		{633106FE-333F-4E7F-A709-A6915A36963C}.Release|Any CPU.Build.0 = Release|Any CPU
	EndGlobalSection
	GlobalSection(SolutionProperties) = preSolution
		HideSolutionNode = FALSE
	EndGlobalSection
	GlobalSection(NestedProjects) = preSolution
		{97EBAFEE-C525-46AA-8F52-85A5DA78B6D5} = {C8D5274F-AC00-46C7-1F8D-E88E81087A52}
		{35EC6A56-1C93-4168-98EE-520F636F8B5C} = {C8D5274F-AC00-46C7-1F8D-E88E81087A52}
		{AC1B582F-B09F-40FD-8626-15343EF336DE} = {C8D5274F-AC00-46C7-1F8D-E88E81087A52}
		{AA147409-86D7-4B24-87FB-F9BAA7F942D9} = {C8D5274F-AC00-46C7-1F8D-E88E81087A52}
		{A1A6EDB5-50A8-461F-BEC1-69D75072E3E6} = {C8D5274F-AC00-46C7-1F8D-E88E81087A52}
		{CB7CA7D2-6A9C-42C4-8FA4-35A6C66562F8} = {C8D5274F-AC00-46C7-1F8D-E88E81087A52}
		{0D851534-9403-4D6F-AF10-95159E3F0068} = {C8D5274F-AC00-46C7-1F8D-E88E81087A52}
		{61010302-417B-46D1-88E3-319DB205A693} = {C8D5274F-AC00-46C7-1F8D-E88E81087A52}
		{8F50A5B6-A12C-4297-9605-BCF0FC6DF171} = {C8D5274F-AC00-46C7-1F8D-E88E81087A52}
		{46CF7810-5925-4550-A220-53A2A8843635} = {C8D5274F-AC00-46C7-1F8D-E88E81087A52}
		{67809FD9-257B-4318-A9DB-B8E5349FBDA0} = {C8D5274F-AC00-46C7-1F8D-E88E81087A52}
		{633106FE-333F-4E7F-A709-A6915A36963C} = {C8D5274F-AC00-46C7-1F8D-E88E81087A52}
	EndGlobalSection
	GlobalSection(ExtensibilityGlobals) = postSolution
		SolutionGuid = {93E9F971-7CDC-4A75-BDE1-0E623975E757}
	EndGlobalSection
EndGlobal
